// !$*UTF8*$!
{
	archiveVersion = 1;
	classes = {
	};
	objectVersion = 56;
	objects = {

/* Begin PBXBuildFile section */
		A91992FA29731C8100B54161 /* xpatlyApp.swift in Sources */ = {isa = PBXBuildFile; fileRef = A91992F929731C8100B54161 /* xpatlyApp.swift */; };
		A91992FC29731C8100B54161 /* ContentView.swift in Sources */ = {isa = PBXBuildFile; fileRef = A91992FB29731C8100B54161 /* ContentView.swift */; };
		A91992FE29731C8300B54161 /* Assets.xcassets in Resources */ = {isa = PBXBuildFile; fileRef = A91992FD29731C8300B54161 /* Assets.xcassets */; };
		A919930129731C8300B54161 /* Preview Assets.xcassets in Resources */ = {isa = PBXBuildFile; fileRef = A919930029731C8300B54161 /* Preview Assets.xcassets */; };
		A919931029C2427E00B54161 /* FirebaseAnalytics in Frameworks */ = {isa = PBXBuildFile; productRef = A919930F29C2427E00B54161 /* FirebaseAnalytics */; };
		A919931229C2427E00B54161 /* FirebaseAuth in Frameworks */ = {isa = PBXBuildFile; productRef = A919931129C2427E00B54161 /* FirebaseAuth */; };
		A919931429C2427E00B54161 /* FirebaseAuthCombine-Community in Frameworks */ = {isa = PBXBuildFile; productRef = A919931329C2427E00B54161 /* FirebaseAuthCombine-Community */; };
		A919931629C2427E00B54161 /* FirebaseDatabase in Frameworks */ = {isa = PBXBuildFile; productRef = A919931529C2427E00B54161 /* FirebaseDatabase */; };
		A919931829C2427E00B54161 /* FirebaseDatabaseSwift in Frameworks */ = {isa = PBXBuildFile; productRef = A919931729C2427E00B54161 /* FirebaseDatabaseSwift */; };
		A919931A29C2427E00B54161 /* FirebaseFirestore in Frameworks */ = {isa = PBXBuildFile; productRef = A919931929C2427E00B54161 /* FirebaseFirestore */; };
		A919931C29C2427E00B54161 /* FirebaseFirestoreCombine-Community in Frameworks */ = {isa = PBXBuildFile; productRef = A919931B29C2427E00B54161 /* FirebaseFirestoreCombine-Community */; };
		A919931E29C2427E00B54161 /* FirebaseFirestoreSwift in Frameworks */ = {isa = PBXBuildFile; productRef = A919931D29C2427E00B54161 /* FirebaseFirestoreSwift */; };
		A919932029C2427E00B54161 /* FirebaseStorage in Frameworks */ = {isa = PBXBuildFile; productRef = A919931F29C2427E00B54161 /* FirebaseStorage */; };
		A919932229C2427E00B54161 /* FirebaseStorageCombine-Community in Frameworks */ = {isa = PBXBuildFile; productRef = A919932129C2427E00B54161 /* FirebaseStorageCombine-Community */; };
		A9B8D26129C8D04C009A8D6D /* Country.swift in Sources */ = {isa = PBXBuildFile; fileRef = A9B8D26029C8D04C009A8D6D /* Country.swift */; };
		A9B8D26329C8D551009A8D6D /* CountryViewModel.swift in Sources */ = {isa = PBXBuildFile; fileRef = A9B8D26229C8D551009A8D6D /* CountryViewModel.swift */; };
		A9B8D26629C8DB8B009A8D6D /* GoogleService-Info.plist in Resources */ = {isa = PBXBuildFile; fileRef = A9B8D26529C8DB8B009A8D6D /* GoogleService-Info.plist */; };
		A9B8D26829CF2DAD009A8D6D /* Visa.swift in Sources */ = {isa = PBXBuildFile; fileRef = A9B8D26729CF2DAD009A8D6D /* Visa.swift */; };
		A9B8D26A29CF2DBD009A8D6D /* User.swift in Sources */ = {isa = PBXBuildFile; fileRef = A9B8D26929CF2DBD009A8D6D /* User.swift */; };
		A9B9EC7229DCAC0C00A2C524 /* CountryView.swift in Sources */ = {isa = PBXBuildFile; fileRef = A9B9EC7129DCAC0C00A2C524 /* CountryView.swift */; };
		A9B9EC7429E2D3B900A2C524 /* VisaViewModel.swift in Sources */ = {isa = PBXBuildFile; fileRef = A9B9EC7329E2D3B900A2C524 /* VisaViewModel.swift */; };
		A9B9EC7629E47FA000A2C524 /* Region.swift in Sources */ = {isa = PBXBuildFile; fileRef = A9B9EC7529E47FA000A2C524 /* Region.swift */; };
		A9B9EC7829E71DCA00A2C524 /* RegionViewModel.swift in Sources */ = {isa = PBXBuildFile; fileRef = A9B9EC7729E71DCA00A2C524 /* RegionViewModel.swift */; };
		A9EF4DBC2A0043F500F8AE7A /* CountryInfoView.swift in Sources */ = {isa = PBXBuildFile; fileRef = A9EF4DBB2A0043F500F8AE7A /* CountryInfoView.swift */; };
/* End PBXBuildFile section */

/* Begin PBXFileReference section */
		A91992F629731C8100B54161 /* xpatly.app */ = {isa = PBXFileReference; explicitFileType = wrapper.application; includeInIndex = 0; path = xpatly.app; sourceTree = BUILT_PRODUCTS_DIR; };
		A91992F929731C8100B54161 /* xpatlyApp.swift */ = {isa = PBXFileReference; lastKnownFileType = sourcecode.swift; path = xpatlyApp.swift; sourceTree = "<group>"; };
		A91992FB29731C8100B54161 /* ContentView.swift */ = {isa = PBXFileReference; lastKnownFileType = sourcecode.swift; path = ContentView.swift; sourceTree = "<group>"; };
		A91992FD29731C8300B54161 /* Assets.xcassets */ = {isa = PBXFileReference; lastKnownFileType = folder.assetcatalog; path = Assets.xcassets; sourceTree = "<group>"; };
		A919930029731C8300B54161 /* Preview Assets.xcassets */ = {isa = PBXFileReference; lastKnownFileType = folder.assetcatalog; path = "Preview Assets.xcassets"; sourceTree = "<group>"; };
		A9B8D26029C8D04C009A8D6D /* Country.swift */ = {isa = PBXFileReference; lastKnownFileType = sourcecode.swift; path = Country.swift; sourceTree = "<group>"; };
		A9B8D26229C8D551009A8D6D /* CountryViewModel.swift */ = {isa = PBXFileReference; lastKnownFileType = sourcecode.swift; path = CountryViewModel.swift; sourceTree = "<group>"; };
		A9B8D26529C8DB8B009A8D6D /* GoogleService-Info.plist */ = {isa = PBXFileReference; fileEncoding = 4; lastKnownFileType = text.plist.xml; name = "GoogleService-Info.plist"; path = "Views/GoogleService-Info.plist"; sourceTree = "<group>"; };
		A9B8D26729CF2DAD009A8D6D /* Visa.swift */ = {isa = PBXFileReference; lastKnownFileType = sourcecode.swift; path = Visa.swift; sourceTree = "<group>"; };
		A9B8D26929CF2DBD009A8D6D /* User.swift */ = {isa = PBXFileReference; lastKnownFileType = sourcecode.swift; path = User.swift; sourceTree = "<group>"; };
		A9B9EC7129DCAC0C00A2C524 /* CountryView.swift */ = {isa = PBXFileReference; lastKnownFileType = sourcecode.swift; path = CountryView.swift; sourceTree = "<group>"; };
		A9B9EC7329E2D3B900A2C524 /* VisaViewModel.swift */ = {isa = PBXFileReference; lastKnownFileType = sourcecode.swift; path = VisaViewModel.swift; sourceTree = "<group>"; };
		A9B9EC7529E47FA000A2C524 /* Region.swift */ = {isa = PBXFileReference; lastKnownFileType = sourcecode.swift; path = Region.swift; sourceTree = "<group>"; };
		A9B9EC7729E71DCA00A2C524 /* RegionViewModel.swift */ = {isa = PBXFileReference; lastKnownFileType = sourcecode.swift; path = RegionViewModel.swift; sourceTree = "<group>"; };
		A9EF4DBB2A0043F500F8AE7A /* CountryInfoView.swift */ = {isa = PBXFileReference; lastKnownFileType = sourcecode.swift; path = CountryInfoView.swift; sourceTree = "<group>"; };
/* End PBXFileReference section */

/* Begin PBXFrameworksBuildPhase section */
		A91992F329731C8100B54161 /* Frameworks */ = {
			isa = PBXFrameworksBuildPhase;
			buildActionMask = 2147483647;
			files = (
				A919931829C2427E00B54161 /* FirebaseDatabaseSwift in Frameworks */,
				A919931029C2427E00B54161 /* FirebaseAnalytics in Frameworks */,
				A919932229C2427E00B54161 /* FirebaseStorageCombine-Community in Frameworks */,
				A919932029C2427E00B54161 /* FirebaseStorage in Frameworks */,
				A919931429C2427E00B54161 /* FirebaseAuthCombine-Community in Frameworks */,
				A919931629C2427E00B54161 /* FirebaseDatabase in Frameworks */,
				A919931229C2427E00B54161 /* FirebaseAuth in Frameworks */,
				A919931A29C2427E00B54161 /* FirebaseFirestore in Frameworks */,
				A919931C29C2427E00B54161 /* FirebaseFirestoreCombine-Community in Frameworks */,
				A919931E29C2427E00B54161 /* FirebaseFirestoreSwift in Frameworks */,
			);
			runOnlyForDeploymentPostprocessing = 0;
		};
/* End PBXFrameworksBuildPhase section */

/* Begin PBXGroup section */
		A91992ED29731C8100B54161 = {
			isa = PBXGroup;
			children = (
				A91992F829731C8100B54161 /* xpatly */,
				A91992F729731C8100B54161 /* Products */,
			);
			sourceTree = "<group>";
		};
		A91992F729731C8100B54161 /* Products */ = {
			isa = PBXGroup;
			children = (
				A91992F629731C8100B54161 /* xpatly.app */,
			);
			name = Products;
			sourceTree = "<group>";
		};
		A91992F829731C8100B54161 /* xpatly */ = {
			isa = PBXGroup;
			children = (
				A9B8D26429C8D80B009A8D6D /* ViewModels */,
				A9B8D25F29C8D038009A8D6D /* Models */,
				A9B8D25E29C8D018009A8D6D /* Views */,
				A91992F929731C8100B54161 /* xpatlyApp.swift */,
				A9B8D26529C8DB8B009A8D6D /* GoogleService-Info.plist */,
				A91992FD29731C8300B54161 /* Assets.xcassets */,
				A91992FF29731C8300B54161 /* Preview Content */,
			);
			path = xpatly;
			sourceTree = "<group>";
		};
		A91992FF29731C8300B54161 /* Preview Content */ = {
			isa = PBXGroup;
			children = (
				A919930029731C8300B54161 /* Preview Assets.xcassets */,
			);
			path = "Preview Content";
			sourceTree = "<group>";
		};
		A9B8D25E29C8D018009A8D6D /* Views */ = {
			isa = PBXGroup;
			children = (
				A91992FB29731C8100B54161 /* ContentView.swift */,
				A9B9EC7129DCAC0C00A2C524 /* CountryView.swift */,
				A9EF4DBB2A0043F500F8AE7A /* CountryInfoView.swift */,
			);
			path = Views;
			sourceTree = "<group>";
		};
		A9B8D25F29C8D038009A8D6D /* Models */ = {
			isa = PBXGroup;
			children = (
				A9B8D26029C8D04C009A8D6D /* Country.swift */,
				A9B8D26729CF2DAD009A8D6D /* Visa.swift */,
				A9B8D26929CF2DBD009A8D6D /* User.swift */,
				A9B9EC7529E47FA000A2C524 /* Region.swift */,
			);
			path = Models;
			sourceTree = "<group>";
		};
		A9B8D26429C8D80B009A8D6D /* ViewModels */ = {
			isa = PBXGroup;
			children = (
				A9B8D26229C8D551009A8D6D /* CountryViewModel.swift */,
				A9B9EC7329E2D3B900A2C524 /* VisaViewModel.swift */,
				A9B9EC7729E71DCA00A2C524 /* RegionViewModel.swift */,
			);
			path = ViewModels;
			sourceTree = "<group>";
		};
/* End PBXGroup section */

/* Begin PBXNativeTarget section */
		A91992F529731C8100B54161 /* xpatly */ = {
			isa = PBXNativeTarget;
			buildConfigurationList = A919930429731C8300B54161 /* Build configuration list for PBXNativeTarget "xpatly" */;
			buildPhases = (
				A91992F229731C8100B54161 /* Sources */,
				A91992F329731C8100B54161 /* Frameworks */,
				A91992F429731C8100B54161 /* Resources */,
			);
			buildRules = (
			);
			dependencies = (
			);
			name = xpatly;
			packageProductDependencies = (
				A919930F29C2427E00B54161 /* FirebaseAnalytics */,
				A919931129C2427E00B54161 /* FirebaseAuth */,
				A919931329C2427E00B54161 /* FirebaseAuthCombine-Community */,
				A919931529C2427E00B54161 /* FirebaseDatabase */,
				A919931729C2427E00B54161 /* FirebaseDatabaseSwift */,
				A919931929C2427E00B54161 /* FirebaseFirestore */,
				A919931B29C2427E00B54161 /* FirebaseFirestoreCombine-Community */,
				A919931D29C2427E00B54161 /* FirebaseFirestoreSwift */,
				A919931F29C2427E00B54161 /* FirebaseStorage */,
				A919932129C2427E00B54161 /* FirebaseStorageCombine-Community */,
			);
			productName = xpatly;
			productReference = A91992F629731C8100B54161 /* xpatly.app */;
			productType = "com.apple.product-type.application";
		};
/* End PBXNativeTarget section */

/* Begin PBXProject section */
		A91992EE29731C8100B54161 /* Project object */ = {
			isa = PBXProject;
			attributes = {
				BuildIndependentTargetsInParallel = 1;
				LastSwiftUpdateCheck = 1420;
				LastUpgradeCheck = 1420;
				TargetAttributes = {
					A91992F529731C8100B54161 = {
						CreatedOnToolsVersion = 14.2;
					};
				};
			};
			buildConfigurationList = A91992F129731C8100B54161 /* Build configuration list for PBXProject "xpatly" */;
			compatibilityVersion = "Xcode 14.0";
			developmentRegion = en;
			hasScannedForEncodings = 0;
			knownRegions = (
				en,
				Base,
			);
			mainGroup = A91992ED29731C8100B54161;
			packageReferences = (
				A919930E29C2427E00B54161 /* XCRemoteSwiftPackageReference "firebase-ios-sdk" */,
			);
			productRefGroup = A91992F729731C8100B54161 /* Products */;
			projectDirPath = "";
			projectRoot = "";
			targets = (
				A91992F529731C8100B54161 /* xpatly */,
			);
		};
/* End PBXProject section */

/* Begin PBXResourcesBuildPhase section */
		A91992F429731C8100B54161 /* Resources */ = {
			isa = PBXResourcesBuildPhase;
			buildActionMask = 2147483647;
			files = (
				A919930129731C8300B54161 /* Preview Assets.xcassets in Resources */,
				A9B8D26629C8DB8B009A8D6D /* GoogleService-Info.plist in Resources */,
				A91992FE29731C8300B54161 /* Assets.xcassets in Resources */,
			);
			runOnlyForDeploymentPostprocessing = 0;
		};
/* End PBXResourcesBuildPhase section */

/* Begin PBXSourcesBuildPhase section */
		A91992F229731C8100B54161 /* Sources */ = {
			isa = PBXSourcesBuildPhase;
			buildActionMask = 2147483647;
			files = (
				A9B9EC7829E71DCA00A2C524 /* RegionViewModel.swift in Sources */,
				A9B9EC7629E47FA000A2C524 /* Region.swift in Sources */,
				A91992FC29731C8100B54161 /* ContentView.swift in Sources */,
				A9B8D26829CF2DAD009A8D6D /* Visa.swift in Sources */,
				A9B8D26A29CF2DBD009A8D6D /* User.swift in Sources */,
				A9EF4DBC2A0043F500F8AE7A /* CountryInfoView.swift in Sources */,
				A9B8D26129C8D04C009A8D6D /* Country.swift in Sources */,
				A9B8D26329C8D551009A8D6D /* CountryViewModel.swift in Sources */,
				A9B9EC7429E2D3B900A2C524 /* VisaViewModel.swift in Sources */,
				A9B9EC7229DCAC0C00A2C524 /* CountryView.swift in Sources */,
				A91992FA29731C8100B54161 /* xpatlyApp.swift in Sources */,
			);
			runOnlyForDeploymentPostprocessing = 0;
		};
/* End PBXSourcesBuildPhase section */

/* Begin XCBuildConfiguration section */
		A919930229731C8300B54161 /* Debug */ = {
			isa = XCBuildConfiguration;
			buildSettings = {
				ALWAYS_SEARCH_USER_PATHS = NO;
				CLANG_ANALYZER_NONNULL = YES;
				CLANG_ANALYZER_NUMBER_OBJECT_CONVERSION = YES_AGGRESSIVE;
				CLANG_CXX_LANGUAGE_STANDARD = "gnu++20";
				CLANG_ENABLE_MODULES = YES;
				CLANG_ENABLE_OBJC_ARC = YES;
				CLANG_ENABLE_OBJC_WEAK = YES;
				CLANG_WARN_BLOCK_CAPTURE_AUTORELEASING = YES;
				CLANG_WARN_BOOL_CONVERSION = YES;
				CLANG_WARN_COMMA = YES;
				CLANG_WARN_CONSTANT_CONVERSION = YES;
				CLANG_WARN_DEPRECATED_OBJC_IMPLEMENTATIONS = YES;
				CLANG_WARN_DIRECT_OBJC_ISA_USAGE = YES_ERROR;
				CLANG_WARN_DOCUMENTATION_COMMENTS = YES;
				CLANG_WARN_EMPTY_BODY = YES;
				CLANG_WARN_ENUM_CONVERSION = YES;
				CLANG_WARN_INFINITE_RECURSION = YES;
				CLANG_WARN_INT_CONVERSION = YES;
				CLANG_WARN_NON_LITERAL_NULL_CONVERSION = YES;
				CLANG_WARN_OBJC_IMPLICIT_RETAIN_SELF = YES;
				CLANG_WARN_OBJC_LITERAL_CONVERSION = YES;
				CLANG_WARN_OBJC_ROOT_CLASS = YES_ERROR;
				CLANG_WARN_QUOTED_INCLUDE_IN_FRAMEWORK_HEADER = YES;
				CLANG_WARN_RANGE_LOOP_ANALYSIS = YES;
				CLANG_WARN_STRICT_PROTOTYPES = YES;
				CLANG_WARN_SUSPICIOUS_MOVE = YES;
				CLANG_WARN_UNGUARDED_AVAILABILITY = YES_AGGRESSIVE;
				CLANG_WARN_UNREACHABLE_CODE = YES;
				CLANG_WARN__DUPLICATE_METHOD_MATCH = YES;
				COPY_PHASE_STRIP = NO;
				DEBUG_INFORMATION_FORMAT = dwarf;
				ENABLE_STRICT_OBJC_MSGSEND = YES;
				ENABLE_TESTABILITY = YES;
				GCC_C_LANGUAGE_STANDARD = gnu11;
				GCC_DYNAMIC_NO_PIC = NO;
				GCC_NO_COMMON_BLOCKS = YES;
				GCC_OPTIMIZATION_LEVEL = 0;
				GCC_PREPROCESSOR_DEFINITIONS = (
					"DEBUG=1",
					"$(inherited)",
				);
				GCC_WARN_64_TO_32_BIT_CONVERSION = YES;
				GCC_WARN_ABOUT_RETURN_TYPE = YES_ERROR;
				GCC_WARN_UNDECLARED_SELECTOR = YES;
				GCC_WARN_UNINITIALIZED_AUTOS = YES_AGGRESSIVE;
				GCC_WARN_UNUSED_FUNCTION = YES;
				GCC_WARN_UNUSED_VARIABLE = YES;
				IPHONEOS_DEPLOYMENT_TARGET = 16.2;
				MTL_ENABLE_DEBUG_INFO = INCLUDE_SOURCE;
				MTL_FAST_MATH = YES;
				ONLY_ACTIVE_ARCH = YES;
				SDKROOT = iphoneos;
				SWIFT_ACTIVE_COMPILATION_CONDITIONS = DEBUG;
				SWIFT_OPTIMIZATION_LEVEL = "-Onone";
			};
			name = Debug;
		};
		A919930329731C8300B54161 /* Release */ = {
			isa = XCBuildConfiguration;
			buildSettings = {
				ALWAYS_SEARCH_USER_PATHS = NO;
				CLANG_ANALYZER_NONNULL = YES;
				CLANG_ANALYZER_NUMBER_OBJECT_CONVERSION = YES_AGGRESSIVE;
				CLANG_CXX_LANGUAGE_STANDARD = "gnu++20";
				CLANG_ENABLE_MODULES = YES;
				CLANG_ENABLE_OBJC_ARC = YES;
				CLANG_ENABLE_OBJC_WEAK = YES;
				CLANG_WARN_BLOCK_CAPTURE_AUTORELEASING = YES;
				CLANG_WARN_BOOL_CONVERSION = YES;
				CLANG_WARN_COMMA = YES;
				CLANG_WARN_CONSTANT_CONVERSION = YES;
				CLANG_WARN_DEPRECATED_OBJC_IMPLEMENTATIONS = YES;
				CLANG_WARN_DIRECT_OBJC_ISA_USAGE = YES_ERROR;
				CLANG_WARN_DOCUMENTATION_COMMENTS = YES;
				CLANG_WARN_EMPTY_BODY = YES;
				CLANG_WARN_ENUM_CONVERSION = YES;
				CLANG_WARN_INFINITE_RECURSION = YES;
				CLANG_WARN_INT_CONVERSION = YES;
				CLANG_WARN_NON_LITERAL_NULL_CONVERSION = YES;
				CLANG_WARN_OBJC_IMPLICIT_RETAIN_SELF = YES;
				CLANG_WARN_OBJC_LITERAL_CONVERSION = YES;
				CLANG_WARN_OBJC_ROOT_CLASS = YES_ERROR;
				CLANG_WARN_QUOTED_INCLUDE_IN_FRAMEWORK_HEADER = YES;
				CLANG_WARN_RANGE_LOOP_ANALYSIS = YES;
				CLANG_WARN_STRICT_PROTOTYPES = YES;
				CLANG_WARN_SUSPICIOUS_MOVE = YES;
				CLANG_WARN_UNGUARDED_AVAILABILITY = YES_AGGRESSIVE;
				CLANG_WARN_UNREACHABLE_CODE = YES;
				CLANG_WARN__DUPLICATE_METHOD_MATCH = YES;
				COPY_PHASE_STRIP = NO;
				DEBUG_INFORMATION_FORMAT = "dwarf-with-dsym";
				ENABLE_NS_ASSERTIONS = NO;
				ENABLE_STRICT_OBJC_MSGSEND = YES;
				GCC_C_LANGUAGE_STANDARD = gnu11;
				GCC_NO_COMMON_BLOCKS = YES;
				GCC_WARN_64_TO_32_BIT_CONVERSION = YES;
				GCC_WARN_ABOUT_RETURN_TYPE = YES_ERROR;
				GCC_WARN_UNDECLARED_SELECTOR = YES;
				GCC_WARN_UNINITIALIZED_AUTOS = YES_AGGRESSIVE;
				GCC_WARN_UNUSED_FUNCTION = YES;
				GCC_WARN_UNUSED_VARIABLE = YES;
				IPHONEOS_DEPLOYMENT_TARGET = 16.2;
				MTL_ENABLE_DEBUG_INFO = NO;
				MTL_FAST_MATH = YES;
				SDKROOT = iphoneos;
				SWIFT_COMPILATION_MODE = wholemodule;
				SWIFT_OPTIMIZATION_LEVEL = "-O";
				VALIDATE_PRODUCT = YES;
			};
			name = Release;
		};
		A919930529731C8300B54161 /* Debug */ = {
			isa = XCBuildConfiguration;
			buildSettings = {
				ASSETCATALOG_COMPILER_APPICON_NAME = AppIcon;
				ASSETCATALOG_COMPILER_GLOBAL_ACCENT_COLOR_NAME = AccentColor;
				CODE_SIGN_STYLE = Automatic;
				CURRENT_PROJECT_VERSION = 1;
				DEVELOPMENT_ASSET_PATHS = "\"xpatly/Preview Content\"";
				DEVELOPMENT_TEAM = C6H5VA698D;
				ENABLE_PREVIEWS = YES;
				GENERATE_INFOPLIST_FILE = YES;
				INFOPLIST_KEY_LSApplicationCategoryType = "public.app-category.utilities";
				INFOPLIST_KEY_UIApplicationSceneManifest_Generation = YES;
				INFOPLIST_KEY_UIApplicationSupportsIndirectInputEvents = YES;
				INFOPLIST_KEY_UILaunchScreen_Generation = YES;
				INFOPLIST_KEY_UISupportedInterfaceOrientations_iPad = "UIInterfaceOrientationPortrait UIInterfaceOrientationPortraitUpsideDown UIInterfaceOrientationLandscapeLeft UIInterfaceOrientationLandscapeRight";
				INFOPLIST_KEY_UISupportedInterfaceOrientations_iPhone = "UIInterfaceOrientationPortrait UIInterfaceOrientationLandscapeLeft UIInterfaceOrientationLandscapeRight";
				LD_RUNPATH_SEARCH_PATHS = (
					"$(inherited)",
					"@executable_path/Frameworks",
				);
				MARKETING_VERSION = 1.0;
				PRODUCT_BUNDLE_IDENTIFIER = com.sebastiangustavsson.xpatly;
				PRODUCT_NAME = "$(TARGET_NAME)";
				SWIFT_EMIT_LOC_STRINGS = YES;
				SWIFT_VERSION = 5.0;
				TARGETED_DEVICE_FAMILY = "1,2";
			};
			name = Debug;
		};
		A919930629731C8300B54161 /* Release */ = {
			isa = XCBuildConfiguration;
			buildSettings = {
				ASSETCATALOG_COMPILER_APPICON_NAME = AppIcon;
				ASSETCATALOG_COMPILER_GLOBAL_ACCENT_COLOR_NAME = AccentColor;
				CODE_SIGN_STYLE = Automatic;
				CURRENT_PROJECT_VERSION = 1;
				DEVELOPMENT_ASSET_PATHS = "\"xpatly/Preview Content\"";
				DEVELOPMENT_TEAM = C6H5VA698D;
				ENABLE_PREVIEWS = YES;
				GENERATE_INFOPLIST_FILE = YES;
				INFOPLIST_KEY_LSApplicationCategoryType = "public.app-category.utilities";
				INFOPLIST_KEY_UIApplicationSceneManifest_Generation = YES;
				INFOPLIST_KEY_UIApplicationSupportsIndirectInputEvents = YES;
				INFOPLIST_KEY_UILaunchScreen_Generation = YES;
				INFOPLIST_KEY_UISupportedInterfaceOrientations_iPad = "UIInterfaceOrientationPortrait UIInterfaceOrientationPortraitUpsideDown UIInterfaceOrientationLandscapeLeft UIInterfaceOrientationLandscapeRight";
				INFOPLIST_KEY_UISupportedInterfaceOrientations_iPhone = "UIInterfaceOrientationPortrait UIInterfaceOrientationLandscapeLeft UIInterfaceOrientationLandscapeRight";
				LD_RUNPATH_SEARCH_PATHS = (
					"$(inherited)",
					"@executable_path/Frameworks",
				);
				MARKETING_VERSION = 1.0;
				PRODUCT_BUNDLE_IDENTIFIER = com.sebastiangustavsson.xpatly;
				PRODUCT_NAME = "$(TARGET_NAME)";
				SWIFT_EMIT_LOC_STRINGS = YES;
				SWIFT_VERSION = 5.0;
				TARGETED_DEVICE_FAMILY = "1,2";
			};
			name = Release;
		};
/* End XCBuildConfiguration section */

/* Begin XCConfigurationList section */
		A91992F129731C8100B54161 /* Build configuration list for PBXProject "xpatly" */ = {
			isa = XCConfigurationList;
			buildConfigurations = (
				A919930229731C8300B54161 /* Debug */,
				A919930329731C8300B54161 /* Release */,
			);
			defaultConfigurationIsVisible = 0;
			defaultConfigurationName = Release;
		};
		A919930429731C8300B54161 /* Build configuration list for PBXNativeTarget "xpatly" */ = {
			isa = XCConfigurationList;
			buildConfigurations = (
				A919930529731C8300B54161 /* Debug */,
				A919930629731C8300B54161 /* Release */,
			);
			defaultConfigurationIsVisible = 0;
			defaultConfigurationName = Release;
		};
/* End XCConfigurationList section */

/* Begin XCRemoteSwiftPackageReference section */
		A919930E29C2427E00B54161 /* XCRemoteSwiftPackageReference "firebase-ios-sdk" */ = {
			isa = XCRemoteSwiftPackageReference;
			repositoryURL = "https://github.com/firebase/firebase-ios-sdk";
			requirement = {
				kind = upToNextMajorVersion;
				minimumVersion = 9.0.0;
			};
		};
/* End XCRemoteSwiftPackageReference section */

/* Begin XCSwiftPackageProductDependency section */
		A919930F29C2427E00B54161 /* FirebaseAnalytics */ = {
			isa = XCSwiftPackageProductDependency;
			package = A919930E29C2427E00B54161 /* XCRemoteSwiftPackageReference "firebase-ios-sdk" */;
			productName = FirebaseAnalytics;
		};
		A919931129C2427E00B54161 /* FirebaseAuth */ = {
			isa = XCSwiftPackageProductDependency;
			package = A919930E29C2427E00B54161 /* XCRemoteSwiftPackageReference "firebase-ios-sdk" */;
			productName = FirebaseAuth;
		};
		A919931329C2427E00B54161 /* FirebaseAuthCombine-Community */ = {
			isa = XCSwiftPackageProductDependency;
			package = A919930E29C2427E00B54161 /* XCRemoteSwiftPackageReference "firebase-ios-sdk" */;
			productName = "FirebaseAuthCombine-Community";
		};
		A919931529C2427E00B54161 /* FirebaseDatabase */ = {
			isa = XCSwiftPackageProductDependency;
			package = A919930E29C2427E00B54161 /* XCRemoteSwiftPackageReference "firebase-ios-sdk" */;
			productName = FirebaseDatabase;
		};
		A919931729C2427E00B54161 /* FirebaseDatabaseSwift */ = {
			isa = XCSwiftPackageProductDependency;
			package = A919930E29C2427E00B54161 /* XCRemoteSwiftPackageReference "firebase-ios-sdk" */;
			productName = FirebaseDatabaseSwift;
		};
		A919931929C2427E00B54161 /* FirebaseFirestore */ = {
			isa = XCSwiftPackageProductDependency;
			package = A919930E29C2427E00B54161 /* XCRemoteSwiftPackageReference "firebase-ios-sdk" */;
			productName = FirebaseFirestore;
		};
		A919931B29C2427E00B54161 /* FirebaseFirestoreCombine-Community */ = {
			isa = XCSwiftPackageProductDependency;
			package = A919930E29C2427E00B54161 /* XCRemoteSwiftPackageReference "firebase-ios-sdk" */;
			productName = "FirebaseFirestoreCombine-Community";
		};
		A919931D29C2427E00B54161 /* FirebaseFirestoreSwift */ = {
			isa = XCSwiftPackageProductDependency;
			package = A919930E29C2427E00B54161 /* XCRemoteSwiftPackageReference "firebase-ios-sdk" */;
			productName = FirebaseFirestoreSwift;
		};
		A919931F29C2427E00B54161 /* FirebaseStorage */ = {
			isa = XCSwiftPackageProductDependency;
			package = A919930E29C2427E00B54161 /* XCRemoteSwiftPackageReference "firebase-ios-sdk" */;
			productName = FirebaseStorage;
		};
		A919932129C2427E00B54161 /* FirebaseStorageCombine-Community */ = {
			isa = XCSwiftPackageProductDependency;
			package = A919930E29C2427E00B54161 /* XCRemoteSwiftPackageReference "firebase-ios-sdk" */;
			productName = "FirebaseStorageCombine-Community";
		};
/* End XCSwiftPackageProductDependency section */
	};
	rootObject = A91992EE29731C8100B54161 /* Project object */;
}
